
Microsoft Visual Studio Solution File, Format Version 12.00
# Visual Studio Version 16
VisualStudioVersion = 16.0.29806.167
MinimumVisualStudioVersion = 10.0.40219.1
Project("{F184B08F-C81C-45F6-A57F-5ABD9991F28F}") = "kasus1pertemuan5", "kasus1pertemuan5.vbproj", "{97849BCD-284B-47F2-BD48-0969CB30F02A}"
EndProject
Global
	GlobalSection(SolutionConfigurationPlatforms) = preSolution
		Debug|Any CPU = Debug|Any CPU
		Release|Any CPU = Release|Any CPU
	EndGlobalSection
	GlobalSection(ProjectConfigurationPlatforms) = postSolution
		{97849BCD-284B-47F2-BD48-0969CB30F02A}.Debug|Any CPU.ActiveCfg = Debug|Any CPU
		{97849BCD-284B-47F2-BD48-0969CB30F02A}.Debug|Any CPU.Build.0 = Debug|Any CPU
		{97849BCD-284B-47F2-BD48-0969CB30F02A}.Release|Any CPU.ActiveCfg = Release|Any CPU
		{97849BCD-284B-47F2-BD48-0969CB30F02A}.Release|Any CPU.Build.0 = Release|Any CPU
	EndGlobalSection
	GlobalSection(SolutionProperties) = preSolution
		HideSolutionNode = FALSE
	EndGlobalSection
	GlobalSection(ExtensibilityGlobals) = postSolution
		SolutionGuid = {C68AF282-B6BE-469F-9E07-F9D2181D5FAB}
	EndGlobalSection
EndGlobal
