
Microsoft Visual Studio Solution File, Format Version 12.00
# Visual Studio Version 16
VisualStudioVersion = 16.0.29806.167
MinimumVisualStudioVersion = 10.0.40219.1
Project("{F184B08F-C81C-45F6-A57F-5ABD9991F28F}") = "latihan6pertemuan6", "latihan6pertemuan6.vbproj", "{21AE5408-06F3-405B-971A-CD55E2862802}"
EndProject
Global
	GlobalSection(SolutionConfigurationPlatforms) = preSolution
		Debug|Any CPU = Debug|Any CPU
		Release|Any CPU = Release|Any CPU
	EndGlobalSection
	GlobalSection(ProjectConfigurationPlatforms) = postSolution
		{21AE5408-06F3-405B-971A-CD55E2862802}.Debug|Any CPU.ActiveCfg = Debug|Any CPU
		{21AE5408-06F3-405B-971A-CD55E2862802}.Debug|Any CPU.Build.0 = Debug|Any CPU
		{21AE5408-06F3-405B-971A-CD55E2862802}.Release|Any CPU.ActiveCfg = Release|Any CPU
		{21AE5408-06F3-405B-971A-CD55E2862802}.Release|Any CPU.Build.0 = Release|Any CPU
	EndGlobalSection
	GlobalSection(SolutionProperties) = preSolution
		HideSolutionNode = FALSE
	EndGlobalSection
	GlobalSection(ExtensibilityGlobals) = postSolution
		SolutionGuid = {3BCF2B20-4596-47A4-88E9-15407D2470ED}
	EndGlobalSection
EndGlobal
