
Microsoft Visual Studio Solution File, Format Version 12.00
# Visual Studio Version 16
VisualStudioVersion = 16.0.29806.167
MinimumVisualStudioVersion = 10.0.40219.1
Project("{F184B08F-C81C-45F6-A57F-5ABD9991F28F}") = "latihan3pertemuan6", "latihan3pertemuan6.vbproj", "{ED1E10CB-F905-4104-BA37-94D7876242B5}"
EndProject
Global
	GlobalSection(SolutionConfigurationPlatforms) = preSolution
		Debug|Any CPU = Debug|Any CPU
		Release|Any CPU = Release|Any CPU
	EndGlobalSection
	GlobalSection(ProjectConfigurationPlatforms) = postSolution
		{ED1E10CB-F905-4104-BA37-94D7876242B5}.Debug|Any CPU.ActiveCfg = Debug|Any CPU
		{ED1E10CB-F905-4104-BA37-94D7876242B5}.Debug|Any CPU.Build.0 = Debug|Any CPU
		{ED1E10CB-F905-4104-BA37-94D7876242B5}.Release|Any CPU.ActiveCfg = Release|Any CPU
		{ED1E10CB-F905-4104-BA37-94D7876242B5}.Release|Any CPU.Build.0 = Release|Any CPU
	EndGlobalSection
	GlobalSection(SolutionProperties) = preSolution
		HideSolutionNode = FALSE
	EndGlobalSection
	GlobalSection(ExtensibilityGlobals) = postSolution
		SolutionGuid = {A614339E-235F-433C-9BDC-0CE803A6D4A2}
	EndGlobalSection
EndGlobal
